
Microsoft Visual Studio Solution File, Format Version 12.00
# Visual Studio Version 16
VisualStudioVersion = 16.0.32228.343
MinimumVisualStudioVersion = 10.0.40219.1
Project("{FAE04EC0-301F-11D3-BF4B-00C04F79EFBC}") = "CodilitySolutions", "CodilitySolutions\CodilitySolutions.csproj", "{BE4C0ED4-4501-43AF-8D4F-10CA45480090}"
EndProject
Project("{FAE04EC0-301F-11D3-BF4B-00C04F79EFBC}") = "RunColditilyExamples", "RunColditilyExamples\RunColditilyExamples.csproj", "{4E4D1F4D-0871-4B82-8E33-82A626925BFB}"
EndProject
Global
	GlobalSection(SolutionConfigurationPlatforms) = preSolution
		Debug|Any CPU = Debug|Any CPU
		Release|Any CPU = Release|Any CPU
	EndGlobalSection
	GlobalSection(ProjectConfigurationPlatforms) = postSolution
		{BE4C0ED4-4501-43AF-8D4F-10CA45480090}.Debug|Any CPU.ActiveCfg = Debug|Any CPU
		{BE4C0ED4-4501-43AF-8D4F-10CA45480090}.Debug|Any CPU.Build.0 = Debug|Any CPU
		{BE4C0ED4-4501-43AF-8D4F-10CA45480090}.Release|Any CPU.ActiveCfg = Release|Any CPU
		{BE4C0ED4-4501-43AF-8D4F-10CA45480090}.Release|Any CPU.Build.0 = Release|Any CPU
		{4E4D1F4D-0871-4B82-8E33-82A626925BFB}.Debug|Any CPU.ActiveCfg = Debug|Any CPU
		{4E4D1F4D-0871-4B82-8E33-82A626925BFB}.Debug|Any CPU.Build.0 = Debug|Any CPU
		{4E4D1F4D-0871-4B82-8E33-82A626925BFB}.Release|Any CPU.ActiveCfg = Release|Any CPU
		{4E4D1F4D-0871-4B82-8E33-82A626925BFB}.Release|Any CPU.Build.0 = Release|Any CPU
	EndGlobalSection
	GlobalSection(SolutionProperties) = preSolution
		HideSolutionNode = FALSE
	EndGlobalSection
	GlobalSection(ExtensibilityGlobals) = postSolution
		SolutionGuid = {B81A8255-0F28-4122-94A8-0CA77E398CCA}
	EndGlobalSection
EndGlobal
